[[package]]
name = "alabaster"
version = "0.7.12"
description = "A configurable sidebar-enabled Sphinx theme"
category = "dev"
optional = false
python-versions = "*"

[[package]]
name = "astroid"
version = "2.11.7"
description = "An abstract syntax tree for Python with inference support."
category = "dev"
optional = false
python-versions = ">=3.6.2"

[package.dependencies]
lazy-object-proxy = ">=1.4.0"
typed-ast = {version = ">=1.4.0,<2.0", markers = "implementation_name == \"cpython\" and python_version < \"3.8\""}
typing-extensions = {version = ">=3.10", markers = "python_version < \"3.10\""}
wrapt = ">=1.11,<2"

[[package]]
name = "autohooks"
version = "21.7.0"
description = "Library for managing git hooks"
category = "dev"
optional = false
python-versions = ">=3.7,<4.0"

[package.dependencies]
colorful = ">=0.5.4,<0.6.0"
packaging = ">=20.3,<21.0"
tomlkit = ">=0.5.11"

[[package]]
name = "autohooks-plugin-black"
version = "21.12.0"
description = "An autohooks plugin for python code formatting via black"
category = "dev"
optional = false
python-versions = ">=3.7.0,<4.0"

[package.dependencies]
autohooks = ">=21.6.0,<22.0.0"
black = ">=20.8,<=23.0.0b0"

[[package]]
name = "autohooks-plugin-pylint"
version = "21.6.0"
description = "An autohooks plugin for python code linting via pylint"
category = "dev"
optional = false
python-versions = ">=3.7,<4.0"

[package.dependencies]
autohooks = ">=2.2.0"
pylint = ">=2.8.3,<3.0.0"

[[package]]
name = "babel"
version = "2.10.3"
description = "Internationalization utilities"
category = "dev"
optional = false
python-versions = ">=3.6"

[package.dependencies]
pytz = ">=2015.7"

[[package]]
name = "bcrypt"
version = "3.2.2"
description = "Modern password hashing for your software and your servers"
category = "main"
optional = false
python-versions = ">=3.6"

[package.dependencies]
cffi = ">=1.1"

[package.extras]
tests = ["pytest (>=3.2.1,!=3.3.0)"]
typecheck = ["mypy"]

[[package]]
name = "black"
version = "22.6.0"
description = "The uncompromising code formatter."
category = "dev"
optional = false
python-versions = ">=3.6.2"

[package.dependencies]
click = ">=8.0.0"
mypy-extensions = ">=0.4.3"
pathspec = ">=0.9.0"
platformdirs = ">=2"
tomli = {version = ">=1.1.0", markers = "python_full_version < \"3.11.0a7\""}
typed-ast = {version = ">=1.4.2", markers = "python_version < \"3.8\" and implementation_name == \"cpython\""}
typing-extensions = {version = ">=3.10.0.0", markers = "python_version < \"3.10\""}

[package.extras]
colorama = ["colorama (>=0.4.3)"]
d = ["aiohttp (>=3.7.4)"]
jupyter = ["ipython (>=7.8.0)", "tokenize-rt (>=3.2.0)"]
uvloop = ["uvloop (>=0.15.2)"]

[[package]]
name = "certifi"
version = "2022.6.15"
description = "Python package for providing Mozilla's CA Bundle."
category = "dev"
optional = false
python-versions = ">=3.6"

[[package]]
name = "cffi"
version = "1.15.1"
description = "Foreign Function Interface for Python calling C code."
category = "main"
optional = false
python-versions = "*"

[package.dependencies]
pycparser = "*"

[[package]]
name = "charset-normalizer"
version = "2.1.0"
description = "The Real First Universal Charset Detector. Open, modern and actively maintained alternative to Chardet."
category = "dev"
optional = false
python-versions = ">=3.6.0"

[package.extras]
unicode_backport = ["unicodedata2"]

[[package]]
name = "click"
version = "8.1.3"
description = "Composable command line interface toolkit"
category = "dev"
optional = false
python-versions = ">=3.7"

[package.dependencies]
colorama = {version = "*", markers = "platform_system == \"Windows\""}
importlib-metadata = {version = "*", markers = "python_version < \"3.8\""}

[[package]]
name = "colorama"
version = "0.4.5"
description = "Cross-platform colored terminal text."
category = "dev"
optional = false
python-versions = ">=2.7, !=3.0.*, !=3.1.*, !=3.2.*, !=3.3.*, !=3.4.*"

[[package]]
name = "colorful"
version = "0.5.4"
description = "Terminal string styling done right, in Python."
category = "dev"
optional = false
python-versions = "*"

[package.dependencies]
colorama = {version = "*", markers = "platform_system == \"Windows\""}

[[package]]
name = "coverage"
version = "6.4.1"
description = "Code coverage measurement for Python"
category = "dev"
optional = false
python-versions = ">=3.7"

[package.extras]
toml = ["tomli"]

[[package]]
name = "cryptography"
version = "37.0.3"
description = "cryptography is a package which provides cryptographic recipes and primitives to Python developers."
category = "main"
optional = false
python-versions = ">=3.6"

[package.dependencies]
cffi = ">=1.12"

[package.extras]
docs = ["sphinx (>=1.6.5,!=1.8.0,!=3.1.0,!=3.1.1)", "sphinx-rtd-theme"]
docstest = ["pyenchant (>=1.6.11)", "twine (>=1.12.0)", "sphinxcontrib-spelling (>=4.0.1)"]
pep8test = ["black", "flake8", "flake8-import-order", "pep8-naming"]
sdist = ["setuptools_rust (>=0.11.4)"]
ssh = ["bcrypt (>=3.1.5)"]
test = ["pytest (>=6.2.0)", "pytest-benchmark", "pytest-cov", "pytest-subtests", "pytest-xdist", "pretend", "iso8601", "pytz", "hypothesis (>=1.11.4,!=3.79.2)"]

[[package]]
name = "defusedxml"
version = "0.7.1"
description = "XML bomb protection for Python stdlib modules"
category = "main"
optional = false
python-versions = ">=2.7, !=3.0.*, !=3.1.*, !=3.2.*, !=3.3.*, !=3.4.*"

[[package]]
name = "dill"
version = "0.3.5.1"
description = "serialize all of python"
category = "dev"
optional = false
python-versions = ">=2.7, !=3.0.*, !=3.1.*, !=3.2.*, !=3.3.*, !=3.4.*, !=3.5.*, !=3.6.*"

[package.extras]
graph = ["objgraph (>=1.7.2)"]

[[package]]
name = "docutils"
version = "0.18.1"
description = "Docutils -- Python Documentation Utilities"
category = "dev"
optional = false
python-versions = ">=2.7, !=3.0.*, !=3.1.*, !=3.2.*, !=3.3.*, !=3.4.*"

[[package]]
name = "idna"
version = "3.3"
description = "Internationalized Domain Names in Applications (IDNA)"
category = "dev"
optional = false
python-versions = ">=3.5"

[[package]]
name = "imagesize"
version = "1.4.1"
description = "Getting image size from png/jpeg/jpeg2000/gif file"
category = "dev"
optional = false
python-versions = ">=2.7, !=3.0.*, !=3.1.*, !=3.2.*, !=3.3.*"

[[package]]
name = "importlib-metadata"
version = "4.12.0"
description = "Read metadata from Python packages"
category = "dev"
optional = false
python-versions = ">=3.7"

[package.dependencies]
typing-extensions = {version = ">=3.6.4", markers = "python_version < \"3.8\""}
zipp = ">=0.5"

[package.extras]
docs = ["sphinx", "jaraco.packaging (>=9)", "rst.linker (>=1.9)"]
perf = ["ipython"]
testing = ["pytest (>=6)", "pytest-checkdocs (>=2.4)", "pytest-flake8", "pytest-cov", "pytest-enabler (>=1.3)", "packaging", "pyfakefs", "flufl.flake8", "pytest-perf (>=0.9.2)", "pytest-black (>=0.3.7)", "pytest-mypy (>=0.9.1)", "importlib-resources (>=1.3)"]

[[package]]
name = "isort"
version = "5.10.1"
description = "A Python utility / library to sort Python imports."
category = "dev"
optional = false
python-versions = ">=3.6.1,<4.0"

[package.extras]
pipfile_deprecated_finder = ["pipreqs", "requirementslib"]
requirements_deprecated_finder = ["pipreqs", "pip-api"]
colors = ["colorama (>=0.4.3,<0.5.0)"]
plugins = ["setuptools"]

[[package]]
name = "jinja2"
version = "3.1.2"
description = "A very fast and expressive template engine."
category = "dev"
optional = false
python-versions = ">=3.7"

[package.dependencies]
MarkupSafe = ">=2.0"

[package.extras]
i18n = ["Babel (>=2.7)"]

[[package]]
name = "lazy-object-proxy"
version = "1.7.1"
description = "A fast and thorough lazy object proxy."
category = "dev"
optional = false
python-versions = ">=3.6"

[[package]]
name = "lxml"
version = "4.9.1"
description = "Powerful and Pythonic XML processing library combining libxml2/libxslt with the ElementTree API."
category = "main"
optional = false
python-versions = ">=2.7, !=3.0.*, !=3.1.*, !=3.2.*, !=3.3.*, != 3.4.*"

[package.extras]
cssselect = ["cssselect (>=0.7)"]
html5 = ["html5lib"]
htmlsoup = ["beautifulsoup4"]
source = ["Cython (>=0.29.7)"]

[[package]]
name = "markupsafe"
version = "2.1.1"
description = "Safely add untrusted strings to HTML/XML markup."
category = "dev"
optional = false
python-versions = ">=3.7"

[[package]]
name = "mccabe"
version = "0.7.0"
description = "McCabe checker, plugin for flake8"
category = "dev"
optional = false
python-versions = ">=3.6"

[[package]]
name = "mypy-extensions"
version = "0.4.3"
description = "Experimental type system extensions for programs checked with the mypy typechecker."
category = "dev"
optional = false
python-versions = "*"

[[package]]
name = "packaging"
version = "20.9"
description = "Core utilities for Python packages"
category = "dev"
optional = false
python-versions = ">=2.7, !=3.0.*, !=3.1.*, !=3.2.*, !=3.3.*"

[package.dependencies]
pyparsing = ">=2.0.2"

[[package]]
name = "paramiko"
version = "2.11.0"
description = "SSH2 protocol library"
category = "main"
optional = false
python-versions = "*"

[package.dependencies]
bcrypt = ">=3.1.3"
cryptography = ">=2.5"
pynacl = ">=1.0.1"
six = "*"

[package.extras]
all = ["pyasn1 (>=0.1.7)", "pynacl (>=1.0.1)", "bcrypt (>=3.1.3)", "invoke (>=1.3)", "gssapi (>=1.4.1)", "pywin32 (>=2.1.8)"]
ed25519 = ["pynacl (>=1.0.1)", "bcrypt (>=3.1.3)"]
gssapi = ["pyasn1 (>=0.1.7)", "gssapi (>=1.4.1)", "pywin32 (>=2.1.8)"]
invoke = ["invoke (>=1.3)"]

[[package]]
name = "pathspec"
version = "0.9.0"
description = "Utility library for gitignore style pattern matching of file paths."
category = "dev"
optional = false
python-versions = "!=3.0.*,!=3.1.*,!=3.2.*,!=3.3.*,!=3.4.*,>=2.7"

[[package]]
name = "platformdirs"
version = "2.5.2"
description = "A small Python module for determining appropriate platform-specific dirs, e.g. a \"user data dir\"."
category = "dev"
optional = false
python-versions = ">=3.7"

[package.extras]
docs = ["furo (>=2021.7.5b38)", "proselint (>=0.10.2)", "sphinx-autodoc-typehints (>=1.12)", "sphinx (>=4)"]
test = ["appdirs (==1.4.4)", "pytest-cov (>=2.7)", "pytest-mock (>=3.6)", "pytest (>=6)"]

[[package]]
name = "pontos"
version = "22.5.0"
description = "Common utilities and tools maintained by Greenbone Networks"
category = "dev"
optional = false
python-versions = ">=3.7,<4.0"

[package.dependencies]
colorful = ">=0.5.4,<0.6.0"
packaging = ">=20.3,<21.0"
requests = ">=2.24.0,<3.0.0"
tomlkit = ">=0.5.11"

[[package]]
name = "pycparser"
version = "2.21"
description = "C parser in Python"
category = "main"
optional = false
python-versions = ">=2.7, !=3.0.*, !=3.1.*, !=3.2.*, !=3.3.*"

[[package]]
name = "pygments"
version = "2.12.0"
description = "Pygments is a syntax highlighting package written in Python."
category = "dev"
optional = false
python-versions = ">=3.6"

[[package]]
name = "pylint"
version = "2.13.9"
description = "python code static checker"
category = "dev"
optional = false
python-versions = ">=3.6.2"

[package.dependencies]
astroid = ">=2.11.5,<=2.12.0-dev0"
colorama = {version = "*", markers = "sys_platform == \"win32\""}
dill = ">=0.2"
isort = ">=4.2.5,<6"
mccabe = ">=0.6,<0.8"
platformdirs = ">=2.2.0"
tomli = {version = ">=1.1.0", markers = "python_version < \"3.11\""}
typing-extensions = {version = ">=3.10.0", markers = "python_version < \"3.10\""}

[package.extras]
testutil = ["gitpython (>3)"]

[[package]]
name = "pynacl"
version = "1.5.0"
description = "Python binding to the Networking and Cryptography (NaCl) library"
category = "main"
optional = false
python-versions = ">=3.6"

[package.dependencies]
cffi = ">=1.4.1"

[package.extras]
docs = ["sphinx (>=1.6.5)", "sphinx-rtd-theme"]
tests = ["pytest (>=3.2.1,!=3.3.0)", "hypothesis (>=3.27.0)"]

[[package]]
name = "pyparsing"
version = "3.0.9"
description = "pyparsing module - Classes and methods to define and execute parsing grammars"
category = "dev"
optional = false
python-versions = ">=3.6.8"

[package.extras]
diagrams = ["railroad-diagrams", "jinja2"]

[[package]]
name = "python-gvm"
version = "22.6.1"
description = "Library to communicate with remote servers over GMP or OSP"
category = "main"
optional = false
python-versions = ">=3.7.0,<4.0.0"

[package.dependencies]
defusedxml = ">=0.6,<0.8"
lxml = ">=4.5.0,<5.0.0"
paramiko = ">=2.7.1,<3.0.0"

[[package]]
name = "pytz"
version = "2022.1"
description = "World timezone definitions, modern and historical"
category = "dev"
optional = false
python-versions = "*"

[[package]]
name = "requests"
version = "2.28.1"
description = "Python HTTP for Humans."
category = "dev"
optional = false
python-versions = ">=3.7, <4"

[package.dependencies]
certifi = ">=2017.4.17"
charset-normalizer = ">=2,<3"
idna = ">=2.5,<4"
urllib3 = ">=1.21.1,<1.27"

[package.extras]
socks = ["PySocks (>=1.5.6,!=1.5.7)"]
use_chardet_on_py3 = ["chardet (>=3.0.2,<6)"]

[[package]]
name = "rope"
version = "1.1.1"
description = "a python refactoring library..."
category = "dev"
optional = false
python-versions = ">=3"

[package.extras]
dev = ["build", "pytest", "pytest-timeout"]

[[package]]
name = "six"
version = "1.16.0"
description = "Python 2 and 3 compatibility utilities"
category = "main"
optional = false
python-versions = ">=2.7, !=3.0.*, !=3.1.*, !=3.2.*"

[[package]]
name = "snowballstemmer"
version = "2.2.0"
description = "This package provides 29 stemmers for 28 languages generated from Snowball algorithms."
category = "dev"
optional = false
python-versions = "*"

[[package]]
name = "sphinx"
version = "5.0.2"
description = "Python documentation generator"
category = "dev"
optional = false
python-versions = ">=3.6"

[package.dependencies]
alabaster = ">=0.7,<0.8"
babel = ">=1.3"
colorama = {version = ">=0.3.5", markers = "sys_platform == \"win32\""}
docutils = ">=0.14,<0.19"
imagesize = "*"
importlib-metadata = {version = ">=4.4", markers = "python_version < \"3.10\""}
Jinja2 = ">=2.3"
packaging = "*"
Pygments = ">=2.0"
requests = ">=2.5.0"
snowballstemmer = ">=1.1"
sphinxcontrib-applehelp = "*"
sphinxcontrib-devhelp = "*"
sphinxcontrib-htmlhelp = ">=2.0.0"
sphinxcontrib-jsmath = "*"
sphinxcontrib-qthelp = "*"
sphinxcontrib-serializinghtml = ">=1.1.5"

[package.extras]
docs = ["sphinxcontrib-websupport"]
lint = ["flake8 (>=3.5.0)", "isort", "mypy (>=0.950)", "docutils-stubs", "types-typed-ast", "types-requests"]
test = ["pytest (>=4.6)", "html5lib", "cython", "typed-ast"]

[[package]]
name = "sphinxcontrib-applehelp"
version = "1.0.2"
description = "sphinxcontrib-applehelp is a sphinx extension which outputs Apple help books"
category = "dev"
optional = false
python-versions = ">=3.5"

[package.extras]
lint = ["flake8", "mypy", "docutils-stubs"]
test = ["pytest"]

[[package]]
name = "sphinxcontrib-devhelp"
version = "1.0.2"
description = "sphinxcontrib-devhelp is a sphinx extension which outputs Devhelp document."
category = "dev"
optional = false
python-versions = ">=3.5"

[package.extras]
lint = ["flake8", "mypy", "docutils-stubs"]
test = ["pytest"]

[[package]]
name = "sphinxcontrib-htmlhelp"
version = "2.0.0"
description = "sphinxcontrib-htmlhelp is a sphinx extension which renders HTML help files"
category = "dev"
optional = false
python-versions = ">=3.6"

[package.extras]
lint = ["flake8", "mypy", "docutils-stubs"]
test = ["pytest", "html5lib"]

[[package]]
name = "sphinxcontrib-jsmath"
version = "1.0.1"
description = "A sphinx extension which renders display math in HTML via JavaScript"
category = "dev"
optional = false
python-versions = ">=3.5"

[package.extras]
test = ["pytest", "flake8", "mypy"]

[[package]]
name = "sphinxcontrib-qthelp"
version = "1.0.3"
description = "sphinxcontrib-qthelp is a sphinx extension which outputs QtHelp document."
category = "dev"
optional = false
python-versions = ">=3.5"

[package.extras]
lint = ["flake8", "mypy", "docutils-stubs"]
test = ["pytest"]

[[package]]
name = "sphinxcontrib-serializinghtml"
version = "1.1.5"
description = "sphinxcontrib-serializinghtml is a sphinx extension which outputs \"serialized\" HTML files (json and pickle)."
category = "dev"
optional = false
python-versions = ">=3.5"

[package.extras]
lint = ["flake8", "mypy", "docutils-stubs"]
test = ["pytest"]

[[package]]
name = "tomli"
version = "2.0.1"
description = "A lil' TOML parser"
category = "dev"
optional = false
python-versions = ">=3.7"

[[package]]
name = "tomlkit"
version = "0.11.1"
description = "Style preserving TOML library"
category = "dev"
optional = false
python-versions = ">=3.6,<4.0"

[[package]]
name = "typed-ast"
version = "1.5.4"
description = "a fork of Python 2 and 3 ast modules with type comment support"
category = "dev"
optional = false
python-versions = ">=3.6"

[[package]]
name = "typing-extensions"
version = "4.3.0"
description = "Backported and Experimental Type Hints for Python 3.7+"
category = "dev"
optional = false
python-versions = ">=3.7"

[[package]]
name = "urllib3"
version = "1.26.9"
description = "HTTP library with thread-safe connection pooling, file post, and more."
category = "dev"
optional = false
python-versions = ">=2.7, !=3.0.*, !=3.1.*, !=3.2.*, !=3.3.*, !=3.4.*, <4"

[package.extras]
brotli = ["brotlicffi (>=0.8.0)", "brotli (>=1.0.9)", "brotlipy (>=0.6.0)"]
secure = ["pyOpenSSL (>=0.14)", "cryptography (>=1.3.4)", "idna (>=2.0.0)", "certifi", "ipaddress"]
socks = ["PySocks (>=1.5.6,!=1.5.7,<2.0)"]

[[package]]
name = "wrapt"
version = "1.14.1"
description = "Module for decorators, wrappers and monkey patching."
category = "dev"
optional = false
python-versions = "!=3.0.*,!=3.1.*,!=3.2.*,!=3.3.*,!=3.4.*,>=2.7"

[[package]]
name = "zipp"
version = "3.8.0"
description = "Backport of pathlib-compatible object wrapper for zip files"
category = "dev"
optional = false
python-versions = ">=3.7"

[package.extras]
docs = ["sphinx", "jaraco.packaging (>=9)", "rst.linker (>=1.9)"]
testing = ["pytest (>=6)", "pytest-checkdocs (>=2.4)", "pytest-flake8", "pytest-cov", "pytest-enabler (>=1.0.1)", "jaraco.itertools", "func-timeout", "pytest-black (>=0.3.7)", "pytest-mypy (>=0.9.1)"]

[metadata]
lock-version = "1.1"
python-versions = "^3.7.0"
content-hash = "3a8d670ac3b001af407f3df5e91a459da41abecdf6ea94c23f7aaabf869cc115"

[metadata.files]
alabaster = []
astroid = []
autohooks = []
autohooks-plugin-black = []
autohooks-plugin-pylint = []
babel = []
bcrypt = []
black = []
certifi = []
cffi = []
charset-normalizer = []
click = []
colorama = []
colorful = []
coverage = []
cryptography = []
defusedxml = []
dill = []
docutils = []
idna = []
imagesize = []
importlib-metadata = []
isort = []
jinja2 = []
lazy-object-proxy = []
lxml = []
markupsafe = []
mccabe = []
mypy-extensions = []
packaging = []
paramiko = []
pathspec = []
platformdirs = []
pontos = []
pycparser = []
pygments = []
pylint = []
pynacl = []
pyparsing = []
python-gvm = []
pytz = []
requests = []
rope = []
six = []
snowballstemmer = []
sphinx = []
sphinxcontrib-applehelp = []
sphinxcontrib-devhelp = []
sphinxcontrib-htmlhelp = []
sphinxcontrib-jsmath = []
sphinxcontrib-qthelp = []
sphinxcontrib-serializinghtml = []
tomli = []
tomlkit = []
typed-ast = []
typing-extensions = []
urllib3 = []
wrapt = []
zipp = []
